// !$*UTF8*$!
{
	archiveVersion = 1;
	classes = {
	};
	objectVersion = 46;
	objects = {

/* Begin PBXBuildFile section */
		153D05691CA3B08700548C48 /* RMBaseManagerConfig.m in Sources */ = {isa = PBXBuildFile; fileRef = 153D05681CA3B08700548C48 /* RMBaseManagerConfig.m */; };
		153D056C1CA3B33200548C48 /* RMNetStatus.m in Sources */ = {isa = PBXBuildFile; fileRef = 153D056B1CA3B33200548C48 /* RMNetStatus.m */; };
		153D057F1CA3CF1300548C48 /* RMRequestManager.m in Sources */ = {isa = PBXBuildFile; fileRef = 153D057E1CA3CF1300548C48 /* RMRequestManager.m */; };
		15BB36781CA387AC0024836B /* main.m in Sources */ = {isa = PBXBuildFile; fileRef = 15BB36771CA387AC0024836B /* main.m */; };
		15BB367B1CA387AC0024836B /* AppDelegate.m in Sources */ = {isa = PBXBuildFile; fileRef = 15BB367A1CA387AC0024836B /* AppDelegate.m */; };
		15BB367E1CA387AC0024836B /* ViewController.m in Sources */ = {isa = PBXBuildFile; fileRef = 15BB367D1CA387AC0024836B /* ViewController.m */; };
		15BB36811CA387AC0024836B /* Main.storyboard in Resources */ = {isa = PBXBuildFile; fileRef = 15BB367F1CA387AC0024836B /* Main.storyboard */; };
		15BB36831CA387AD0024836B /* Assets.xcassets in Resources */ = {isa = PBXBuildFile; fileRef = 15BB36821CA387AD0024836B /* Assets.xcassets */; };
		15BB36861CA387AD0024836B /* LaunchScreen.storyboard in Resources */ = {isa = PBXBuildFile; fileRef = 15BB36841CA387AD0024836B /* LaunchScreen.storyboard */; };
		15BB36911CA387AD0024836B /* RMNetworkDemoTests.m in Sources */ = {isa = PBXBuildFile; fileRef = 15BB36901CA387AD0024836B /* RMNetworkDemoTests.m */; };
		15BB369C1CA387AD0024836B /* RMNetworkDemoUITests.m in Sources */ = {isa = PBXBuildFile; fileRef = 15BB369B1CA387AD0024836B /* RMNetworkDemoUITests.m */; };
		15BB36AC1CA3881B0024836B /* RMBaseRequest.m in Sources */ = {isa = PBXBuildFile; fileRef = 15BB36AB1CA3881B0024836B /* RMBaseRequest.m */; };
		15BB36B91CA38A280024836B /* Podfile in Resources */ = {isa = PBXBuildFile; fileRef = 15BB36B81CA38A280024836B /* Podfile */; };
		15EC26771CA8BF2000A0B2DA /* RMNetServiceFactory.m in Sources */ = {isa = PBXBuildFile; fileRef = 15EC266F1CA8BF2000A0B2DA /* RMNetServiceFactory.m */; };
		15EC26781CA8BF2000A0B2DA /* RMNetServiceFoo1API.m in Sources */ = {isa = PBXBuildFile; fileRef = 15EC26711CA8BF2000A0B2DA /* RMNetServiceFoo1API.m */; };
		15EC26791CA8BF2000A0B2DA /* RMNetServiceFoo2API.m in Sources */ = {isa = PBXBuildFile; fileRef = 15EC26731CA8BF2000A0B2DA /* RMNetServiceFoo2API.m */; };
		15EC267A1CA8BF2000A0B2DA /* TestFoo1.m in Sources */ = {isa = PBXBuildFile; fileRef = 15EC26761CA8BF2000A0B2DA /* TestFoo1.m */; };
		EB230E21E2011EF99E44C34E /* libPods.a in Frameworks */ = {isa = PBXBuildFile; fileRef = 56FFEE6587BFDB49B0EF96A9 /* libPods.a */; };
/* End PBXBuildFile section */

/* Begin PBXContainerItemProxy section */
		15BB368D1CA387AD0024836B /* PBXContainerItemProxy */ = {
			isa = PBXContainerItemProxy;
			containerPortal = 15BB366B1CA387AC0024836B /* Project object */;
			proxyType = 1;
			remoteGlobalIDString = 15BB36721CA387AC0024836B;
			remoteInfo = RMNetworkDemo;
		};
		15BB36981CA387AD0024836B /* PBXContainerItemProxy */ = {
			isa = PBXContainerItemProxy;
			containerPortal = 15BB366B1CA387AC0024836B /* Project object */;
			proxyType = 1;
			remoteGlobalIDString = 15BB36721CA387AC0024836B;
			remoteInfo = RMNetworkDemo;
		};
/* End PBXContainerItemProxy section */

/* Begin PBXFileReference section */
		153D05671CA3B08700548C48 /* RMBaseManagerConfig.h */ = {isa = PBXFileReference; fileEncoding = 4; lastKnownFileType = sourcecode.c.h; path = RMBaseManagerConfig.h; sourceTree = "<group>"; };
		153D05681CA3B08700548C48 /* RMBaseManagerConfig.m */ = {isa = PBXFileReference; fileEncoding = 4; lastKnownFileType = sourcecode.c.objc; path = RMBaseManagerConfig.m; sourceTree = "<group>"; };
		153D056A1CA3B33200548C48 /* RMNetStatus.h */ = {isa = PBXFileReference; fileEncoding = 4; lastKnownFileType = sourcecode.c.h; path = RMNetStatus.h; sourceTree = "<group>"; };
		153D056B1CA3B33200548C48 /* RMNetStatus.m */ = {isa = PBXFileReference; fileEncoding = 4; lastKnownFileType = sourcecode.c.objc; path = RMNetStatus.m; sourceTree = "<group>"; };
		153D057D1CA3CF1300548C48 /* RMRequestManager.h */ = {isa = PBXFileReference; fileEncoding = 4; lastKnownFileType = sourcecode.c.h; path = RMRequestManager.h; sourceTree = "<group>"; };
		153D057E1CA3CF1300548C48 /* RMRequestManager.m */ = {isa = PBXFileReference; fileEncoding = 4; lastKnownFileType = sourcecode.c.objc; path = RMRequestManager.m; sourceTree = "<group>"; };
		15BB36731CA387AC0024836B /* RMNetworkDemo.app */ = {isa = PBXFileReference; explicitFileType = wrapper.application; includeInIndex = 0; path = RMNetworkDemo.app; sourceTree = BUILT_PRODUCTS_DIR; };
		15BB36771CA387AC0024836B /* main.m */ = {isa = PBXFileReference; lastKnownFileType = sourcecode.c.objc; path = main.m; sourceTree = "<group>"; };
		15BB36791CA387AC0024836B /* AppDelegate.h */ = {isa = PBXFileReference; lastKnownFileType = sourcecode.c.h; path = AppDelegate.h; sourceTree = "<group>"; };
		15BB367A1CA387AC0024836B /* AppDelegate.m */ = {isa = PBXFileReference; lastKnownFileType = sourcecode.c.objc; path = AppDelegate.m; sourceTree = "<group>"; };
		15BB367C1CA387AC0024836B /* ViewController.h */ = {isa = PBXFileReference; lastKnownFileType = sourcecode.c.h; path = ViewController.h; sourceTree = "<group>"; };
		15BB367D1CA387AC0024836B /* ViewController.m */ = {isa = PBXFileReference; lastKnownFileType = sourcecode.c.objc; path = ViewController.m; sourceTree = "<group>"; };
		15BB36801CA387AC0024836B /* Base */ = {isa = PBXFileReference; lastKnownFileType = file.storyboard; name = Base; path = Base.lproj/Main.storyboard; sourceTree = "<group>"; };
		15BB36821CA387AD0024836B /* Assets.xcassets */ = {isa = PBXFileReference; lastKnownFileType = folder.assetcatalog; path = Assets.xcassets; sourceTree = "<group>"; };
		15BB36851CA387AD0024836B /* Base */ = {isa = PBXFileReference; lastKnownFileType = file.storyboard; name = Base; path = Base.lproj/LaunchScreen.storyboard; sourceTree = "<group>"; };
		15BB36871CA387AD0024836B /* Info.plist */ = {isa = PBXFileReference; lastKnownFileType = text.plist.xml; path = Info.plist; sourceTree = "<group>"; };
		15BB368C1CA387AD0024836B /* RMNetworkDemoTests.xctest */ = {isa = PBXFileReference; explicitFileType = wrapper.cfbundle; includeInIndex = 0; path = RMNetworkDemoTests.xctest; sourceTree = BUILT_PRODUCTS_DIR; };
		15BB36901CA387AD0024836B /* RMNetworkDemoTests.m */ = {isa = PBXFileReference; lastKnownFileType = sourcecode.c.objc; path = RMNetworkDemoTests.m; sourceTree = "<group>"; };
		15BB36921CA387AD0024836B /* Info.plist */ = {isa = PBXFileReference; lastKnownFileType = text.plist.xml; path = Info.plist; sourceTree = "<group>"; };
		15BB36971CA387AD0024836B /* RMNetworkDemoUITests.xctest */ = {isa = PBXFileReference; explicitFileType = wrapper.cfbundle; includeInIndex = 0; path = RMNetworkDemoUITests.xctest; sourceTree = BUILT_PRODUCTS_DIR; };
		15BB369B1CA387AD0024836B /* RMNetworkDemoUITests.m */ = {isa = PBXFileReference; lastKnownFileType = sourcecode.c.objc; path = RMNetworkDemoUITests.m; sourceTree = "<group>"; };
		15BB369D1CA387AD0024836B /* Info.plist */ = {isa = PBXFileReference; lastKnownFileType = text.plist.xml; path = Info.plist; sourceTree = "<group>"; };
		15BB36AA1CA3881B0024836B /* RMBaseRequest.h */ = {isa = PBXFileReference; fileEncoding = 4; lastKnownFileType = sourcecode.c.h; path = RMBaseRequest.h; sourceTree = "<group>"; };
		15BB36AB1CA3881B0024836B /* RMBaseRequest.m */ = {isa = PBXFileReference; fileEncoding = 4; lastKnownFileType = sourcecode.c.objc; path = RMBaseRequest.m; sourceTree = "<group>"; };
		15BB36B81CA38A280024836B /* Podfile */ = {isa = PBXFileReference; fileEncoding = 4; lastKnownFileType = text; path = Podfile; sourceTree = "<group>"; };
		15EC266E1CA8BF2000A0B2DA /* RMNetServiceFactory.h */ = {isa = PBXFileReference; fileEncoding = 4; lastKnownFileType = sourcecode.c.h; path = RMNetServiceFactory.h; sourceTree = "<group>"; };
		15EC266F1CA8BF2000A0B2DA /* RMNetServiceFactory.m */ = {isa = PBXFileReference; fileEncoding = 4; lastKnownFileType = sourcecode.c.objc; path = RMNetServiceFactory.m; sourceTree = "<group>"; };
		15EC26701CA8BF2000A0B2DA /* RMNetServiceFoo1API.h */ = {isa = PBXFileReference; fileEncoding = 4; lastKnownFileType = sourcecode.c.h; path = RMNetServiceFoo1API.h; sourceTree = "<group>"; };
		15EC26711CA8BF2000A0B2DA /* RMNetServiceFoo1API.m */ = {isa = PBXFileReference; fileEncoding = 4; lastKnownFileType = sourcecode.c.objc; path = RMNetServiceFoo1API.m; sourceTree = "<group>"; };
		15EC26721CA8BF2000A0B2DA /* RMNetServiceFoo2API.h */ = {isa = PBXFileReference; fileEncoding = 4; lastKnownFileType = sourcecode.c.h; path = RMNetServiceFoo2API.h; sourceTree = "<group>"; };
		15EC26731CA8BF2000A0B2DA /* RMNetServiceFoo2API.m */ = {isa = PBXFileReference; fileEncoding = 4; lastKnownFileType = sourcecode.c.objc; path = RMNetServiceFoo2API.m; sourceTree = "<group>"; };
		15EC26751CA8BF2000A0B2DA /* TestFoo1.h */ = {isa = PBXFileReference; fileEncoding = 4; lastKnownFileType = sourcecode.c.h; path = TestFoo1.h; sourceTree = "<group>"; };
		15EC26761CA8BF2000A0B2DA /* TestFoo1.m */ = {isa = PBXFileReference; fileEncoding = 4; lastKnownFileType = sourcecode.c.objc; path = TestFoo1.m; sourceTree = "<group>"; };
		15EC267B1CA8C12500A0B2DA /* RMNetWork.h */ = {isa = PBXFileReference; fileEncoding = 4; lastKnownFileType = sourcecode.c.h; path = RMNetWork.h; sourceTree = "<group>"; };
		56FFEE6587BFDB49B0EF96A9 /* libPods.a */ = {isa = PBXFileReference; explicitFileType = archive.ar; includeInIndex = 0; path = libPods.a; sourceTree = BUILT_PRODUCTS_DIR; };
		6C9563A2624FD1F65D472136 /* Pods.debug.xcconfig */ = {isa = PBXFileReference; includeInIndex = 1; lastKnownFileType = text.xcconfig; name = Pods.debug.xcconfig; path = "Pods/Target Support Files/Pods/Pods.debug.xcconfig"; sourceTree = "<group>"; };
		E6CB1509EFEC2C43DCD5DCB5 /* Pods.release.xcconfig */ = {isa = PBXFileReference; includeInIndex = 1; lastKnownFileType = text.xcconfig; name = Pods.release.xcconfig; path = "Pods/Target Support Files/Pods/Pods.release.xcconfig"; sourceTree = "<group>"; };
/* End PBXFileReference section */

/* Begin PBXFrameworksBuildPhase section */
		15BB36701CA387AC0024836B /* Frameworks */ = {
			isa = PBXFrameworksBuildPhase;
			buildActionMask = 2147483647;
			files = (
				EB230E21E2011EF99E44C34E /* libPods.a in Frameworks */,
			);
			runOnlyForDeploymentPostprocessing = 0;
		};
		15BB36891CA387AD0024836B /* Frameworks */ = {
			isa = PBXFrameworksBuildPhase;
			buildActionMask = 2147483647;
			files = (
			);
			runOnlyForDeploymentPostprocessing = 0;
		};
		15BB36941CA387AD0024836B /* Frameworks */ = {
			isa = PBXFrameworksBuildPhase;
			buildActionMask = 2147483647;
			files = (
			);
			runOnlyForDeploymentPostprocessing = 0;
		};
/* End PBXFrameworksBuildPhase section */

/* Begin PBXGroup section */
		15BB366A1CA387AC0024836B = {
			isa = PBXGroup;
			children = (
				15BB36B81CA38A280024836B /* Podfile */,
				15BB36A91CA387D30024836B /* RMNetWork */,
				15BB36751CA387AC0024836B /* RMNetworkDemo */,
				15BB368F1CA387AD0024836B /* RMNetworkDemoTests */,
				15BB369A1CA387AD0024836B /* RMNetworkDemoUITests */,
				15BB36741CA387AC0024836B /* Products */,
				84C47083E909011A5AA43316 /* Pods */,
				824D2340F2D5DD6DD76942AF /* Frameworks */,
			);
			sourceTree = "<group>";
		};
		15BB36741CA387AC0024836B /* Products */ = {
			isa = PBXGroup;
			children = (
				15BB36731CA387AC0024836B /* RMNetworkDemo.app */,
				15BB368C1CA387AD0024836B /* RMNetworkDemoTests.xctest */,
				15BB36971CA387AD0024836B /* RMNetworkDemoUITests.xctest */,
			);
			name = Products;
			sourceTree = "<group>";
		};
		15BB36751CA387AC0024836B /* RMNetworkDemo */ = {
			isa = PBXGroup;
			children = (
				15EC266C1CA8BF2000A0B2DA /* RMServices */,
				15BB36791CA387AC0024836B /* AppDelegate.h */,
				15BB367A1CA387AC0024836B /* AppDelegate.m */,
				15BB367C1CA387AC0024836B /* ViewController.h */,
				15BB367D1CA387AC0024836B /* ViewController.m */,
				15BB367F1CA387AC0024836B /* Main.storyboard */,
				15BB36821CA387AD0024836B /* Assets.xcassets */,
				15BB36841CA387AD0024836B /* LaunchScreen.storyboard */,
				15BB36871CA387AD0024836B /* Info.plist */,
				15BB36761CA387AC0024836B /* Supporting Files */,
			);
			path = RMNetworkDemo;
			sourceTree = "<group>";
		};
		15BB36761CA387AC0024836B /* Supporting Files */ = {
			isa = PBXGroup;
			children = (
				15BB36771CA387AC0024836B /* main.m */,
			);
			name = "Supporting Files";
			sourceTree = "<group>";
		};
		15BB368F1CA387AD0024836B /* RMNetworkDemoTests */ = {
			isa = PBXGroup;
			children = (
				15BB36901CA387AD0024836B /* RMNetworkDemoTests.m */,
				15BB36921CA387AD0024836B /* Info.plist */,
			);
			path = RMNetworkDemoTests;
			sourceTree = "<group>";
		};
		15BB369A1CA387AD0024836B /* RMNetworkDemoUITests */ = {
			isa = PBXGroup;
			children = (
				15BB369B1CA387AD0024836B /* RMNetworkDemoUITests.m */,
				15BB369D1CA387AD0024836B /* Info.plist */,
			);
			path = RMNetworkDemoUITests;
			sourceTree = "<group>";
		};
		15BB36A91CA387D30024836B /* RMNetWork */ = {
			isa = PBXGroup;
			children = (
				15EC267B1CA8C12500A0B2DA /* RMNetWork.h */,
				15BB36AA1CA3881B0024836B /* RMBaseRequest.h */,
				15BB36AB1CA3881B0024836B /* RMBaseRequest.m */,
				153D05671CA3B08700548C48 /* RMBaseManagerConfig.h */,
				153D05681CA3B08700548C48 /* RMBaseManagerConfig.m */,
				153D056A1CA3B33200548C48 /* RMNetStatus.h */,
				153D056B1CA3B33200548C48 /* RMNetStatus.m */,
				153D057D1CA3CF1300548C48 /* RMRequestManager.h */,
				153D057E1CA3CF1300548C48 /* RMRequestManager.m */,
			);
			path = RMNetWork;
			sourceTree = "<group>";
		};
		15EC266C1CA8BF2000A0B2DA /* RMServices */ = {
			isa = PBXGroup;
			children = (
				15EC266D1CA8BF2000A0B2DA /* RMNetAPIService */,
			);
			path = RMServices;
			sourceTree = "<group>";
		};
		15EC266D1CA8BF2000A0B2DA /* RMNetAPIService */ = {
			isa = PBXGroup;
			children = (
				15EC266E1CA8BF2000A0B2DA /* RMNetServiceFactory.h */,
				15EC266F1CA8BF2000A0B2DA /* RMNetServiceFactory.m */,
				15EC26701CA8BF2000A0B2DA /* RMNetServiceFoo1API.h */,
				15EC26711CA8BF2000A0B2DA /* RMNetServiceFoo1API.m */,
				15EC26721CA8BF2000A0B2DA /* RMNetServiceFoo2API.h */,
				15EC26731CA8BF2000A0B2DA /* RMNetServiceFoo2API.m */,
				15EC26741CA8BF2000A0B2DA /* Test */,
			);
			path = RMNetAPIService;
			sourceTree = "<group>";
		};
		15EC26741CA8BF2000A0B2DA /* Test */ = {
			isa = PBXGroup;
			children = (
				15EC26751CA8BF2000A0B2DA /* TestFoo1.h */,
				15EC26761CA8BF2000A0B2DA /* TestFoo1.m */,
			);
			path = Test;
			sourceTree = "<group>";
		};
		824D2340F2D5DD6DD76942AF /* Frameworks */ = {
			isa = PBXGroup;
			children = (
				56FFEE6587BFDB49B0EF96A9 /* libPods.a */,
			);
			name = Frameworks;
			sourceTree = "<group>";
		};
		84C47083E909011A5AA43316 /* Pods */ = {
			isa = PBXGroup;
			children = (
				6C9563A2624FD1F65D472136 /* Pods.debug.xcconfig */,
				E6CB1509EFEC2C43DCD5DCB5 /* Pods.release.xcconfig */,
			);
			name = Pods;
			sourceTree = "<group>";
		};
/* End PBXGroup section */

/* Begin PBXNativeTarget section */
		15BB36721CA387AC0024836B /* RMNetworkDemo */ = {
			isa = PBXNativeTarget;
			buildConfigurationList = 15BB36A01CA387AD0024836B /* Build configuration list for PBXNativeTarget "RMNetworkDemo" */;
			buildPhases = (
				804C6C7B2286552EDF4C410E /* Check Pods Manifest.lock */,
				15BB366F1CA387AC0024836B /* Sources */,
				15BB36701CA387AC0024836B /* Frameworks */,
				15BB36711CA387AC0024836B /* Resources */,
				976DDF28E85E1820D4C42703 /* Embed Pods Frameworks */,
				23588B7C69345CE9EFCF7B72 /* Copy Pods Resources */,
			);
			buildRules = (
			);
			dependencies = (
			);
			name = RMNetworkDemo;
			productName = RMNetworkDemo;
			productReference = 15BB36731CA387AC0024836B /* RMNetworkDemo.app */;
			productType = "com.apple.product-type.application";
		};
		15BB368B1CA387AD0024836B /* RMNetworkDemoTests */ = {
			isa = PBXNativeTarget;
			buildConfigurationList = 15BB36A31CA387AD0024836B /* Build configuration list for PBXNativeTarget "RMNetworkDemoTests" */;
			buildPhases = (
				15BB36881CA387AD0024836B /* Sources */,
				15BB36891CA387AD0024836B /* Frameworks */,
				15BB368A1CA387AD0024836B /* Resources */,
			);
			buildRules = (
			);
			dependencies = (
				15BB368E1CA387AD0024836B /* PBXTargetDependency */,
			);
			name = RMNetworkDemoTests;
			productName = RMNetworkDemoTests;
			productReference = 15BB368C1CA387AD0024836B /* RMNetworkDemoTests.xctest */;
			productType = "com.apple.product-type.bundle.unit-test";
		};
		15BB36961CA387AD0024836B /* RMNetworkDemoUITests */ = {
			isa = PBXNativeTarget;
			buildConfigurationList = 15BB36A61CA387AD0024836B /* Build configuration list for PBXNativeTarget "RMNetworkDemoUITests" */;
			buildPhases = (
				15BB36931CA387AD0024836B /* Sources */,
				15BB36941CA387AD0024836B /* Frameworks */,
				15BB36951CA387AD0024836B /* Resources */,
			);
			buildRules = (
			);
			dependencies = (
				15BB36991CA387AD0024836B /* PBXTargetDependency */,
			);
			name = RMNetworkDemoUITests;
			productName = RMNetworkDemoUITests;
			productReference = 15BB36971CA387AD0024836B /* RMNetworkDemoUITests.xctest */;
			productType = "com.apple.product-type.bundle.ui-testing";
		};
/* End PBXNativeTarget section */

/* Begin PBXProject section */
		15BB366B1CA387AC0024836B /* Project object */ = {
			isa = PBXProject;
			attributes = {
				LastUpgradeCheck = 0730;
				ORGANIZATIONNAME = luhai;
				TargetAttributes = {
					15BB36721CA387AC0024836B = {
						CreatedOnToolsVersion = 7.3;
					};
					15BB368B1CA387AD0024836B = {
						CreatedOnToolsVersion = 7.3;
						TestTargetID = 15BB36721CA387AC0024836B;
					};
					15BB36961CA387AD0024836B = {
						CreatedOnToolsVersion = 7.3;
						TestTargetID = 15BB36721CA387AC0024836B;
					};
				};
			};
			buildConfigurationList = 15BB366E1CA387AC0024836B /* Build configuration list for PBXProject "RMNetworkDemo" */;
			compatibilityVersion = "Xcode 3.2";
			developmentRegion = English;
			hasScannedForEncodings = 0;
			knownRegions = (
				en,
				Base,
			);
			mainGroup = 15BB366A1CA387AC0024836B;
			productRefGroup = 15BB36741CA387AC0024836B /* Products */;
			projectDirPath = "";
			projectRoot = "";
			targets = (
				15BB36721CA387AC0024836B /* RMNetworkDemo */,
				15BB368B1CA387AD0024836B /* RMNetworkDemoTests */,
				15BB36961CA387AD0024836B /* RMNetworkDemoUITests */,
			);
		};
/* End PBXProject section */

/* Begin PBXResourcesBuildPhase section */
		15BB36711CA387AC0024836B /* Resources */ = {
			isa = PBXResourcesBuildPhase;
			buildActionMask = 2147483647;
			files = (
				15BB36861CA387AD0024836B /* LaunchScreen.storyboard in Resources */,
				15BB36831CA387AD0024836B /* Assets.xcassets in Resources */,
				15BB36B91CA38A280024836B /* Podfile in Resources */,
				15BB36811CA387AC0024836B /* Main.storyboard in Resources */,
			);
			runOnlyForDeploymentPostprocessing = 0;
		};
		15BB368A1CA387AD0024836B /* Resources */ = {
			isa = PBXResourcesBuildPhase;
			buildActionMask = 2147483647;
			files = (
			);
			runOnlyForDeploymentPostprocessing = 0;
		};
		15BB36951CA387AD0024836B /* Resources */ = {
			isa = PBXResourcesBuildPhase;
			buildActionMask = 2147483647;
			files = (
			);
			runOnlyForDeploymentPostprocessing = 0;
		};
/* End PBXResourcesBuildPhase section */

/* Begin PBXShellScriptBuildPhase section */
		23588B7C69345CE9EFCF7B72 /* Copy Pods Resources */ = {
			isa = PBXShellScriptBuildPhase;
			buildActionMask = 2147483647;
			files = (
			);
			inputPaths = (
			);
			name = "Copy Pods Resources";
			outputPaths = (
			);
			runOnlyForDeploymentPostprocessing = 0;
			shellPath = /bin/sh;
			shellScript = "\"${SRCROOT}/Pods/Target Support Files/Pods/Pods-resources.sh\"\n";
			showEnvVarsInLog = 0;
		};
		804C6C7B2286552EDF4C410E /* Check Pods Manifest.lock */ = {
			isa = PBXShellScriptBuildPhase;
			buildActionMask = 2147483647;
			files = (
			);
			inputPaths = (
			);
			name = "Check Pods Manifest.lock";
			outputPaths = (
			);
			runOnlyForDeploymentPostprocessing = 0;
			shellPath = /bin/sh;
			shellScript = "diff \"${PODS_ROOT}/../Podfile.lock\" \"${PODS_ROOT}/Manifest.lock\" > /dev/null\nif [[ $? != 0 ]] ; then\n    cat << EOM\nerror: The sandbox is not in sync with the Podfile.lock. Run 'pod install' or update your CocoaPods installation.\nEOM\n    exit 1\nfi\n";
			showEnvVarsInLog = 0;
		};
		976DDF28E85E1820D4C42703 /* Embed Pods Frameworks */ = {
			isa = PBXShellScriptBuildPhase;
			buildActionMask = 2147483647;
			files = (
			);
			inputPaths = (
			);
			name = "Embed Pods Frameworks";
			outputPaths = (
			);
			runOnlyForDeploymentPostprocessing = 0;
			shellPath = /bin/sh;
			shellScript = "\"${SRCROOT}/Pods/Target Support Files/Pods/Pods-frameworks.sh\"\n";
			showEnvVarsInLog = 0;
		};
/* End PBXShellScriptBuildPhase section */

/* Begin PBXSourcesBuildPhase section */
		15BB366F1CA387AC0024836B /* Sources */ = {
			isa = PBXSourcesBuildPhase;
			buildActionMask = 2147483647;
			files = (
				153D05691CA3B08700548C48 /* RMBaseManagerConfig.m in Sources */,
				15BB367E1CA387AC0024836B /* ViewController.m in Sources */,
				15BB367B1CA387AC0024836B /* AppDelegate.m in Sources */,
				15BB36781CA387AC0024836B /* main.m in Sources */,
				15BB36AC1CA3881B0024836B /* RMBaseRequest.m in Sources */,
				15EC26781CA8BF2000A0B2DA /* RMNetServiceFoo1API.m in Sources */,
				153D057F1CA3CF1300548C48 /* RMRequestManager.m in Sources */,
				15EC267A1CA8BF2000A0B2DA /* TestFoo1.m in Sources */,
				153D056C1CA3B33200548C48 /* RMNetStatus.m in Sources */,
				15EC26771CA8BF2000A0B2DA /* RMNetServiceFactory.m in Sources */,
				15EC26791CA8BF2000A0B2DA /* RMNetServiceFoo2API.m in Sources */,
			);
			runOnlyForDeploymentPostprocessing = 0;
		};
		15BB36881CA387AD0024836B /* Sources */ = {
			isa = PBXSourcesBuildPhase;
			buildActionMask = 2147483647;
			files = (
				15BB36911CA387AD0024836B /* RMNetworkDemoTests.m in Sources */,
			);
			runOnlyForDeploymentPostprocessing = 0;
		};
		15BB36931CA387AD0024836B /* Sources */ = {
			isa = PBXSourcesBuildPhase;
			buildActionMask = 2147483647;
			files = (
				15BB369C1CA387AD0024836B /* RMNetworkDemoUITests.m in Sources */,
			);
			runOnlyForDeploymentPostprocessing = 0;
		};
/* End PBXSourcesBuildPhase section */

/* Begin PBXTargetDependency section */
		15BB368E1CA387AD0024836B /* PBXTargetDependency */ = {
			isa = PBXTargetDependency;
			target = 15BB36721CA387AC0024836B /* RMNetworkDemo */;
			targetProxy = 15BB368D1CA387AD0024836B /* PBXContainerItemProxy */;
		};
		15BB36991CA387AD0024836B /* PBXTargetDependency */ = {
			isa = PBXTargetDependency;
			target = 15BB36721CA387AC0024836B /* RMNetworkDemo */;
			targetProxy = 15BB36981CA387AD0024836B /* PBXContainerItemProxy */;
		};
/* End PBXTargetDependency section */

/* Begin PBXVariantGroup section */
		15BB367F1CA387AC0024836B /* Main.storyboard */ = {
			isa = PBXVariantGroup;
			children = (
				15BB36801CA387AC0024836B /* Base */,
			);
			name = Main.storyboard;
			sourceTree = "<group>";
		};
		15BB36841CA387AD0024836B /* LaunchScreen.storyboard */ = {
			isa = PBXVariantGroup;
			children = (
				15BB36851CA387AD0024836B /* Base */,
			);
			name = LaunchScreen.storyboard;
			sourceTree = "<group>";
		};
/* End PBXVariantGroup section */

/* Begin XCBuildConfiguration section */
		15BB369E1CA387AD0024836B /* Debug */ = {
			isa = XCBuildConfiguration;
			buildSettings = {
				ALWAYS_SEARCH_USER_PATHS = NO;
				CLANG_ANALYZER_NONNULL = YES;
				CLANG_CXX_LANGUAGE_STANDARD = "gnu++0x";
				CLANG_CXX_LIBRARY = "libc++";
				CLANG_ENABLE_MODULES = YES;
				CLANG_ENABLE_OBJC_ARC = YES;
				CLANG_WARN_BOOL_CONVERSION = YES;
				CLANG_WARN_CONSTANT_CONVERSION = YES;
				CLANG_WARN_DIRECT_OBJC_ISA_USAGE = YES_ERROR;
				CLANG_WARN_EMPTY_BODY = YES;
				CLANG_WARN_ENUM_CONVERSION = YES;
				CLANG_WARN_INT_CONVERSION = YES;
				CLANG_WARN_OBJC_ROOT_CLASS = YES_ERROR;
				CLANG_WARN_UNREACHABLE_CODE = YES;
				CLANG_WARN__DUPLICATE_METHOD_MATCH = YES;
				"CODE_SIGN_IDENTITY[sdk=iphoneos*]" = "iPhone Developer";
				COPY_PHASE_STRIP = NO;
				DEBUG_INFORMATION_FORMAT = dwarf;
				ENABLE_STRICT_OBJC_MSGSEND = YES;
				ENABLE_TESTABILITY = YES;
				GCC_C_LANGUAGE_STANDARD = gnu99;
				GCC_DYNAMIC_NO_PIC = NO;
				GCC_NO_COMMON_BLOCKS = YES;
				GCC_OPTIMIZATION_LEVEL = 0;
				GCC_PREPROCESSOR_DEFINITIONS = (
					"DEBUG=1",
					"$(inherited)",
				);
				GCC_WARN_64_TO_32_BIT_CONVERSION = YES;
				GCC_WARN_ABOUT_RETURN_TYPE = YES_ERROR;
				GCC_WARN_UNDECLARED_SELECTOR = YES;
				GCC_WARN_UNINITIALIZED_AUTOS = YES_AGGRESSIVE;
				GCC_WARN_UNUSED_FUNCTION = YES;
				GCC_WARN_UNUSED_VARIABLE = YES;
				IPHONEOS_DEPLOYMENT_TARGET = 9.3;
				MTL_ENABLE_DEBUG_INFO = YES;
				ONLY_ACTIVE_ARCH = YES;
				SDKROOT = iphoneos;
				TARGETED_DEVICE_FAMILY = "1,2";
			};
			name = Debug;
		};
		15BB369F1CA387AD0024836B /* Release */ = {
			isa = XCBuildConfiguration;
			buildSettings = {
				ALWAYS_SEARCH_USER_PATHS = NO;
				CLANG_ANALYZER_NONNULL = YES;
				CLANG_CXX_LANGUAGE_STANDARD = "gnu++0x";
				CLANG_CXX_LIBRARY = "libc++";
				CLANG_ENABLE_MODULES = YES;
				CLANG_ENABLE_OBJC_ARC = YES;
				CLANG_WARN_BOOL_CONVERSION = YES;
				CLANG_WARN_CONSTANT_CONVERSION = YES;
				CLANG_WARN_DIRECT_OBJC_ISA_USAGE = YES_ERROR;
				CLANG_WARN_EMPTY_BODY = YES;
				CLANG_WARN_ENUM_CONVERSION = YES;
				CLANG_WARN_INT_CONVERSION = YES;
				CLANG_WARN_OBJC_ROOT_CLASS = YES_ERROR;
				CLANG_WARN_UNREACHABLE_CODE = YES;
				CLANG_WARN__DUPLICATE_METHOD_MATCH = YES;
				"CODE_SIGN_IDENTITY[sdk=iphoneos*]" = "iPhone Developer";
				COPY_PHASE_STRIP = NO;
				DEBUG_INFORMATION_FORMAT = "dwarf-with-dsym";
				ENABLE_NS_ASSERTIONS = NO;
				ENABLE_STRICT_OBJC_MSGSEND = YES;
				GCC_C_LANGUAGE_STANDARD = gnu99;
				GCC_NO_COMMON_BLOCKS = YES;
				GCC_WARN_64_TO_32_BIT_CONVERSION = YES;
				GCC_WARN_ABOUT_RETURN_TYPE = YES_ERROR;
				GCC_WARN_UNDECLARED_SELECTOR = YES;
				GCC_WARN_UNINITIALIZED_AUTOS = YES_AGGRESSIVE;
				GCC_WARN_UNUSED_FUNCTION = YES;
				GCC_WARN_UNUSED_VARIABLE = YES;
				IPHONEOS_DEPLOYMENT_TARGET = 9.3;
				MTL_ENABLE_DEBUG_INFO = NO;
				SDKROOT = iphoneos;
				TARGETED_DEVICE_FAMILY = "1,2";
				VALIDATE_PRODUCT = YES;
			};
			name = Release;
		};
		15BB36A11CA387AD0024836B /* Debug */ = {
			isa = XCBuildConfiguration;
			baseConfigurationReference = 6C9563A2624FD1F65D472136 /* Pods.debug.xcconfig */;
			buildSettings = {
				ASSETCATALOG_COMPILER_APPICON_NAME = AppIcon;
				INFOPLIST_FILE = RMNetworkDemo/Info.plist;
				LD_RUNPATH_SEARCH_PATHS = "$(inherited) @executable_path/Frameworks";
				PRODUCT_BUNDLE_IDENTIFIER = com.luhai.RMNetworkDemo;
				PRODUCT_NAME = "$(TARGET_NAME)";
			};
			name = Debug;
		};
		15BB36A21CA387AD0024836B /* Release */ = {
			isa = XCBuildConfiguration;
			baseConfigurationReference = E6CB1509EFEC2C43DCD5DCB5 /* Pods.release.xcconfig */;
			buildSettings = {
				ASSETCATALOG_COMPILER_APPICON_NAME = AppIcon;
				INFOPLIST_FILE = RMNetworkDemo/Info.plist;
				LD_RUNPATH_SEARCH_PATHS = "$(inherited) @executable_path/Frameworks";
				PRODUCT_BUNDLE_IDENTIFIER = com.luhai.RMNetworkDemo;
				PRODUCT_NAME = "$(TARGET_NAME)";
			};
			name = Release;
		};
		15BB36A41CA387AD0024836B /* Debug */ = {
			isa = XCBuildConfiguration;
			buildSettings = {
				BUNDLE_LOADER = "$(TEST_HOST)";
				INFOPLIST_FILE = RMNetworkDemoTests/Info.plist;
				LD_RUNPATH_SEARCH_PATHS = "$(inherited) @executable_path/Frameworks @loader_path/Frameworks";
				PRODUCT_BUNDLE_IDENTIFIER = com.luhai.RMNetworkDemoTests;
				PRODUCT_NAME = "$(TARGET_NAME)";
				TEST_HOST = "$(BUILT_PRODUCTS_DIR)/RMNetworkDemo.app/RMNetworkDemo";
			};
			name = Debug;
		};
		15BB36A51CA387AD0024836B /* Release */ = {
			isa = XCBuildConfiguration;
			buildSettings = {
				BUNDLE_LOADER = "$(TEST_HOST)";
				INFOPLIST_FILE = RMNetworkDemoTests/Info.plist;
				LD_RUNPATH_SEARCH_PATHS = "$(inherited) @executable_path/Frameworks @loader_path/Frameworks";
				PRODUCT_BUNDLE_IDENTIFIER = com.luhai.RMNetworkDemoTests;
				PRODUCT_NAME = "$(TARGET_NAME)";
				TEST_HOST = "$(BUILT_PRODUCTS_DIR)/RMNetworkDemo.app/RMNetworkDemo";
			};
			name = Release;
		};
		15BB36A71CA387AD0024836B /* Debug */ = {
			isa = XCBuildConfiguration;
			buildSettings = {
				INFOPLIST_FILE = RMNetworkDemoUITests/Info.plist;
				LD_RUNPATH_SEARCH_PATHS = "$(inherited) @executable_path/Frameworks @loader_path/Frameworks";
				PRODUCT_BUNDLE_IDENTIFIER = com.luhai.RMNetworkDemoUITests;
				PRODUCT_NAME = "$(TARGET_NAME)";
				TEST_TARGET_NAME = RMNetworkDemo;
			};
			name = Debug;
		};
		15BB36A81CA387AD0024836B /* Release */ = {
			isa = XCBuildConfiguration;
			buildSettings = {
				INFOPLIST_FILE = RMNetworkDemoUITests/Info.plist;
				LD_RUNPATH_SEARCH_PATHS = "$(inherited) @executable_path/Frameworks @loader_path/Frameworks";
				PRODUCT_BUNDLE_IDENTIFIER = com.luhai.RMNetworkDemoUITests;
				PRODUCT_NAME = "$(TARGET_NAME)";
				TEST_TARGET_NAME = RMNetworkDemo;
			};
			name = Release;
		};
/* End XCBuildConfiguration section */

/* Begin XCConfigurationList section */
		15BB366E1CA387AC0024836B /* Build configuration list for PBXProject "RMNetworkDemo" */ = {
			isa = XCConfigurationList;
			buildConfigurations = (
				15BB369E1CA387AD0024836B /* Debug */,
				15BB369F1CA387AD0024836B /* Release */,
			);
			defaultConfigurationIsVisible = 0;
			defaultConfigurationName = Release;
		};
		15BB36A01CA387AD0024836B /* Build configuration list for PBXNativeTarget "RMNetworkDemo" */ = {
			isa = XCConfigurationList;
			buildConfigurations = (
				15BB36A11CA387AD0024836B /* Debug */,
				15BB36A21CA387AD0024836B /* Release */,
			);
			defaultConfigurationIsVisible = 0;
			defaultConfigurationName = Release;
		};
		15BB36A31CA387AD0024836B /* Build configuration list for PBXNativeTarget "RMNetworkDemoTests" */ = {
			isa = XCConfigurationList;
			buildConfigurations = (
				15BB36A41CA387AD0024836B /* Debug */,
				15BB36A51CA387AD0024836B /* Release */,
			);
			defaultConfigurationIsVisible = 0;
			defaultConfigurationName = Release;
		};
		15BB36A61CA387AD0024836B /* Build configuration list for PBXNativeTarget "RMNetworkDemoUITests" */ = {
			isa = XCConfigurationList;
			buildConfigurations = (
				15BB36A71CA387AD0024836B /* Debug */,
				15BB36A81CA387AD0024836B /* Release */,
			);
			defaultConfigurationIsVisible = 0;
			defaultConfigurationName = Release;
		};
/* End XCConfigurationList section */
	};
	rootObject = 15BB366B1CA387AC0024836B /* Project object */;
}
